
Microsoft Visual Studio Solution File, Format Version 12.00
# Visual Studio 14
VisualStudioVersion = 14.0.25420.1
MinimumVisualStudioVersion = 10.0.40219.1
Project("{FAE04EC0-301F-11D3-BF4B-00C04F79EFBC}") = "WebDeveloperTest", "WebDeveloperTest\WebDeveloperTest.csproj", "{6482F181-0CD9-4B39-BD2B-DE59E973F3AA}"
EndProject
Project("{2150E333-8FDC-42A3-9474-1A3956D46DE8}") = "src", "src", "{CF3B3CE6-5B1C-4006-9887-4AD544B87D4A}"
EndProject
Project("{2150E333-8FDC-42A3-9474-1A3956D46DE8}") = "1 - Presentation", "1 - Presentation", "{6EFF8D4C-AD5B-44ED-A3A4-12833EDE6C35}"
EndProject
Project("{2150E333-8FDC-42A3-9474-1A3956D46DE8}") = "3 - Infrastructure", "3 - Infrastructure", "{004F21AC-0DAC-4810-8436-ADF35586EF7C}"
EndProject
Project("{2150E333-8FDC-42A3-9474-1A3956D46DE8}") = "2 - Domain", "2 - Domain", "{E0590E5B-EACD-43BF-B2C7-B7E060C5954B}"
EndProject
Project("{2150E333-8FDC-42A3-9474-1A3956D46DE8}") = "Models", "Models", "{BD684796-740F-41CE-93DD-37EE05F4E181}"
EndProject
Project("{2150E333-8FDC-42A3-9474-1A3956D46DE8}") = "IoC", "IoC", "{B5784650-26E1-4A3F-BCB3-D9E50164700A}"
EndProject
Project("{FAE04EC0-301F-11D3-BF4B-00C04F79EFBC}") = "WebDeveloperTest.Data", "WebDeveloperTest.Data\WebDeveloperTest.Data.csproj", "{322EA8F6-3600-4517-83CE-1DA9CBB811CE}"
EndProject
Project("{FAE04EC0-301F-11D3-BF4B-00C04F79EFBC}") = "WebDeveloper.CrossCutting", "WebDeveloper.CrossCutting\WebDeveloper.CrossCutting.csproj", "{54EEE5A1-E4BE-4B8E-829F-DEF0B1DB9244}"
EndProject
Project("{FAE04EC0-301F-11D3-BF4B-00C04F79EFBC}") = "WebDeveloperTest.Domain", "WebDeveloperTest.Domain\WebDeveloperTest.Domain.csproj", "{3C070DFD-AE4E-4626-829A-3FB30FA6CB1A}"
EndProject
Project("{FAE04EC0-301F-11D3-BF4B-00C04F79EFBC}") = "WebDeveloperTest.Models", "WebDeveloperTest.Models\WebDeveloperTest.Models.csproj", "{239AAB9F-4892-480E-99B7-CF9828136E6D}"
EndProject
Project("{FAE04EC0-301F-11D3-BF4B-00C04F79EFBC}") = "WebDeveloperTest.IoC", "WebDeveloperTest.IoC\WebDeveloperTest.IoC.csproj", "{6F98C6B6-BED4-45EE-80C2-B19F75E23DF7}"
EndProject
Global
	GlobalSection(SolutionConfigurationPlatforms) = preSolution
		Debug|Any CPU = Debug|Any CPU
		Release|Any CPU = Release|Any CPU
	EndGlobalSection
	GlobalSection(ProjectConfigurationPlatforms) = postSolution
		{6482F181-0CD9-4B39-BD2B-DE59E973F3AA}.Debug|Any CPU.ActiveCfg = Debug|Any CPU
		{6482F181-0CD9-4B39-BD2B-DE59E973F3AA}.Debug|Any CPU.Build.0 = Debug|Any CPU
		{6482F181-0CD9-4B39-BD2B-DE59E973F3AA}.Release|Any CPU.ActiveCfg = Release|Any CPU
		{6482F181-0CD9-4B39-BD2B-DE59E973F3AA}.Release|Any CPU.Build.0 = Release|Any CPU
		{322EA8F6-3600-4517-83CE-1DA9CBB811CE}.Debug|Any CPU.ActiveCfg = Debug|Any CPU
		{322EA8F6-3600-4517-83CE-1DA9CBB811CE}.Debug|Any CPU.Build.0 = Debug|Any CPU
		{322EA8F6-3600-4517-83CE-1DA9CBB811CE}.Release|Any CPU.ActiveCfg = Release|Any CPU
		{322EA8F6-3600-4517-83CE-1DA9CBB811CE}.Release|Any CPU.Build.0 = Release|Any CPU
		{54EEE5A1-E4BE-4B8E-829F-DEF0B1DB9244}.Debug|Any CPU.ActiveCfg = Debug|Any CPU
		{54EEE5A1-E4BE-4B8E-829F-DEF0B1DB9244}.Debug|Any CPU.Build.0 = Debug|Any CPU
		{54EEE5A1-E4BE-4B8E-829F-DEF0B1DB9244}.Release|Any CPU.ActiveCfg = Release|Any CPU
		{54EEE5A1-E4BE-4B8E-829F-DEF0B1DB9244}.Release|Any CPU.Build.0 = Release|Any CPU
		{3C070DFD-AE4E-4626-829A-3FB30FA6CB1A}.Debug|Any CPU.ActiveCfg = Debug|Any CPU
		{3C070DFD-AE4E-4626-829A-3FB30FA6CB1A}.Debug|Any CPU.Build.0 = Debug|Any CPU
		{3C070DFD-AE4E-4626-829A-3FB30FA6CB1A}.Release|Any CPU.ActiveCfg = Release|Any CPU
		{3C070DFD-AE4E-4626-829A-3FB30FA6CB1A}.Release|Any CPU.Build.0 = Release|Any CPU
		{239AAB9F-4892-480E-99B7-CF9828136E6D}.Debug|Any CPU.ActiveCfg = Debug|Any CPU
		{239AAB9F-4892-480E-99B7-CF9828136E6D}.Debug|Any CPU.Build.0 = Debug|Any CPU
		{239AAB9F-4892-480E-99B7-CF9828136E6D}.Release|Any CPU.ActiveCfg = Release|Any CPU
		{239AAB9F-4892-480E-99B7-CF9828136E6D}.Release|Any CPU.Build.0 = Release|Any CPU
		{6F98C6B6-BED4-45EE-80C2-B19F75E23DF7}.Debug|Any CPU.ActiveCfg = Debug|Any CPU
		{6F98C6B6-BED4-45EE-80C2-B19F75E23DF7}.Debug|Any CPU.Build.0 = Debug|Any CPU
		{6F98C6B6-BED4-45EE-80C2-B19F75E23DF7}.Release|Any CPU.ActiveCfg = Release|Any CPU
		{6F98C6B6-BED4-45EE-80C2-B19F75E23DF7}.Release|Any CPU.Build.0 = Release|Any CPU
	EndGlobalSection
	GlobalSection(SolutionProperties) = preSolution
		HideSolutionNode = FALSE
	EndGlobalSection
	GlobalSection(NestedProjects) = preSolution
		{6482F181-0CD9-4B39-BD2B-DE59E973F3AA} = {6EFF8D4C-AD5B-44ED-A3A4-12833EDE6C35}
		{6EFF8D4C-AD5B-44ED-A3A4-12833EDE6C35} = {CF3B3CE6-5B1C-4006-9887-4AD544B87D4A}
		{004F21AC-0DAC-4810-8436-ADF35586EF7C} = {CF3B3CE6-5B1C-4006-9887-4AD544B87D4A}
		{E0590E5B-EACD-43BF-B2C7-B7E060C5954B} = {CF3B3CE6-5B1C-4006-9887-4AD544B87D4A}
		{BD684796-740F-41CE-93DD-37EE05F4E181} = {6EFF8D4C-AD5B-44ED-A3A4-12833EDE6C35}
		{B5784650-26E1-4A3F-BCB3-D9E50164700A} = {6EFF8D4C-AD5B-44ED-A3A4-12833EDE6C35}
		{322EA8F6-3600-4517-83CE-1DA9CBB811CE} = {004F21AC-0DAC-4810-8436-ADF35586EF7C}
		{54EEE5A1-E4BE-4B8E-829F-DEF0B1DB9244} = {004F21AC-0DAC-4810-8436-ADF35586EF7C}
		{3C070DFD-AE4E-4626-829A-3FB30FA6CB1A} = {E0590E5B-EACD-43BF-B2C7-B7E060C5954B}
		{239AAB9F-4892-480E-99B7-CF9828136E6D} = {BD684796-740F-41CE-93DD-37EE05F4E181}
		{6F98C6B6-BED4-45EE-80C2-B19F75E23DF7} = {B5784650-26E1-4A3F-BCB3-D9E50164700A}
	EndGlobalSection
EndGlobal
